
Microsoft Visual Studio Solution File, Format Version 12.00
# Visual Studio 2013
VisualStudioVersion = 12.0.30110.0
MinimumVisualStudioVersion = 10.0.40219.1
Project("{FAE04EC0-301F-11D3-BF4B-00C04F79EFBC}") = "Simplify.Log", "Simplify.Log\Simplify.Log.csproj", "{DA27C4E4-081C-4BF6-B6EF-0D1C093450E4}"
EndProject
Project("{2150E333-8FDC-42A3-9474-1A3956D46DE8}") = ".nuget", ".nuget", "{733BBE87-94A2-4860-BCC0-4ABBA57606D1}"
	ProjectSection(SolutionItems) = preProject
		.nuget\NuGet.Config = .nuget\NuGet.Config
		.nuget\NuGet.exe = .nuget\NuGet.exe
		.nuget\NuGet.targets = .nuget\NuGet.targets
	EndProjectSection
EndProject
Project("{FAE04EC0-301F-11D3-BF4B-00C04F79EFBC}") = "Simplify.Templates", "Simplify.Templates\Simplify.Templates.csproj", "{9936D660-C421-4155-832E-EDA412A14506}"
EndProject
Project("{FAE04EC0-301F-11D3-BF4B-00C04F79EFBC}") = "Simplify.Templates.Tests", "Simplify.Templates.Tests\Simplify.Templates.Tests.csproj", "{02536C02-B696-4CEF-9B19-85CAA04A8C17}"
EndProject
Project("{FAE04EC0-301F-11D3-BF4B-00C04F79EFBC}") = "Simplify.Extensions", "Simplify.Extensions\Simplify.Extensions.csproj", "{AC0D763E-2F85-4340-A36A-7B92EB3A73D9}"
EndProject
Project("{FAE04EC0-301F-11D3-BF4B-00C04F79EFBC}") = "Simplify.Extensions.Tests", "Simplify.Extensions.Tests\Simplify.Extensions.Tests.csproj", "{16F19AE3-A3E2-4C95-A8A7-0A7706F15479}"
EndProject
Project("{FAE04EC0-301F-11D3-BF4B-00C04F79EFBC}") = "Simplify.WindowsServices", "Simplify.WindowsServices\Simplify.WindowsServices.csproj", "{7F2A1DE8-B41E-4EC5-B4E2-248FF692E06A}"
EndProject
Project("{FAE04EC0-301F-11D3-BF4B-00C04F79EFBC}") = "Simplify.Core", "Simplify.Core\Simplify.Core.csproj", "{23C3E9A7-7C71-4D36-9838-3E6157F71404}"
EndProject
Project("{FAE04EC0-301F-11D3-BF4B-00C04F79EFBC}") = "Simplify.Core.Tests", "Simplify.Core.Tests\Simplify.Core.Tests.csproj", "{E752FECA-DD89-41D9-8FBD-C7A76D162F6D}"
EndProject
Project("{FAE04EC0-301F-11D3-BF4B-00C04F79EFBC}") = "Simplify.Mail", "Simplify.Mail\Simplify.Mail.csproj", "{B6530CBE-72B9-4EF6-9BDE-20D7220FF5DA}"
EndProject
Project("{FAE04EC0-301F-11D3-BF4B-00C04F79EFBC}") = "Simplify.Xml", "Simplify.Xml\Simplify.Xml.csproj", "{F9158939-08D1-4F10-9250-1437A8ED1799}"
EndProject
Project("{FAE04EC0-301F-11D3-BF4B-00C04F79EFBC}") = "Simplify.Xml.Tests", "Simplify.Xml.Tests\Simplify.Xml.Tests.csproj", "{37D1D0E6-DBBA-4EAD-99D3-380FB3C97EF0}"
EndProject
Project("{FAE04EC0-301F-11D3-BF4B-00C04F79EFBC}") = "Simplify.FluentNHibernate", "Simplify.FluentNHibernate\Simplify.FluentNHibernate.csproj", "{0F73C429-1B2F-48B7-9D38-20DA17AD350B}"
EndProject
Project("{FAE04EC0-301F-11D3-BF4B-00C04F79EFBC}") = "Simplify.FluentNHibernate.Tests", "Simplify.FluentNHibernate.Tests\Simplify.FluentNHibernate.Tests.csproj", "{731FD050-AE09-4EA6-838C-FE8032DB4219}"
EndProject
Project("{2150E333-8FDC-42A3-9474-1A3956D46DE8}") = "Examples", "Examples", "{2D057C2A-06BD-48F2-A075-B6EC42D39007}"
EndProject
Project("{FAE04EC0-301F-11D3-BF4B-00C04F79EFBC}") = "Simplify.FluentNHibernate.Examples.Database", "Examples\Simplify.FluentNHibernate.Examples.Database\Simplify.FluentNHibernate.Examples.Database.csproj", "{5D326E8A-851B-4537-A477-838709FDB965}"
EndProject
Project("{FAE04EC0-301F-11D3-BF4B-00C04F79EFBC}") = "Simplify.FluentNHibernate.Examples.Domain", "Examples\Simplify.FluentNHibernate.Examples.Domain\Simplify.FluentNHibernate.Examples.Domain.csproj", "{959DF948-6208-4EA2-BBB8-BA87E6FDCAB7}"
EndProject
Project("{2150E333-8FDC-42A3-9474-1A3956D46DE8}") = "Images", "Images", "{21CDC14F-3620-4C15-B4BB-EBE5CBB96579}"
	ProjectSection(SolutionItems) = preProject
		Images\Icon.png = Images\Icon.png
		Images\Logo.xcf = Images\Logo.xcf
	EndProjectSection
EndProject
Project("{FAE04EC0-301F-11D3-BF4B-00C04F79EFBC}") = "Simplify.Resources", "Simplify.Resources\Simplify.Resources.csproj", "{C197714E-8EBA-4A27-8370-A6F8D1648762}"
EndProject
Global
	GlobalSection(SolutionConfigurationPlatforms) = preSolution
		Debug|Any CPU = Debug|Any CPU
		Release|Any CPU = Release|Any CPU
	EndGlobalSection
	GlobalSection(ProjectConfigurationPlatforms) = postSolution
		{DA27C4E4-081C-4BF6-B6EF-0D1C093450E4}.Debug|Any CPU.ActiveCfg = Debug|Any CPU
		{DA27C4E4-081C-4BF6-B6EF-0D1C093450E4}.Debug|Any CPU.Build.0 = Debug|Any CPU
		{DA27C4E4-081C-4BF6-B6EF-0D1C093450E4}.Release|Any CPU.ActiveCfg = Release|Any CPU
		{DA27C4E4-081C-4BF6-B6EF-0D1C093450E4}.Release|Any CPU.Build.0 = Release|Any CPU
		{9936D660-C421-4155-832E-EDA412A14506}.Debug|Any CPU.ActiveCfg = Debug|Any CPU
		{9936D660-C421-4155-832E-EDA412A14506}.Debug|Any CPU.Build.0 = Debug|Any CPU
		{9936D660-C421-4155-832E-EDA412A14506}.Release|Any CPU.ActiveCfg = Release|Any CPU
		{9936D660-C421-4155-832E-EDA412A14506}.Release|Any CPU.Build.0 = Release|Any CPU
		{02536C02-B696-4CEF-9B19-85CAA04A8C17}.Debug|Any CPU.ActiveCfg = Debug|Any CPU
		{02536C02-B696-4CEF-9B19-85CAA04A8C17}.Debug|Any CPU.Build.0 = Debug|Any CPU
		{02536C02-B696-4CEF-9B19-85CAA04A8C17}.Release|Any CPU.ActiveCfg = Release|Any CPU
		{02536C02-B696-4CEF-9B19-85CAA04A8C17}.Release|Any CPU.Build.0 = Release|Any CPU
		{AC0D763E-2F85-4340-A36A-7B92EB3A73D9}.Debug|Any CPU.ActiveCfg = Debug|Any CPU
		{AC0D763E-2F85-4340-A36A-7B92EB3A73D9}.Debug|Any CPU.Build.0 = Debug|Any CPU
		{AC0D763E-2F85-4340-A36A-7B92EB3A73D9}.Release|Any CPU.ActiveCfg = Release|Any CPU
		{AC0D763E-2F85-4340-A36A-7B92EB3A73D9}.Release|Any CPU.Build.0 = Release|Any CPU
		{16F19AE3-A3E2-4C95-A8A7-0A7706F15479}.Debug|Any CPU.ActiveCfg = Debug|Any CPU
		{16F19AE3-A3E2-4C95-A8A7-0A7706F15479}.Debug|Any CPU.Build.0 = Debug|Any CPU
		{16F19AE3-A3E2-4C95-A8A7-0A7706F15479}.Release|Any CPU.ActiveCfg = Release|Any CPU
		{16F19AE3-A3E2-4C95-A8A7-0A7706F15479}.Release|Any CPU.Build.0 = Release|Any CPU
		{7F2A1DE8-B41E-4EC5-B4E2-248FF692E06A}.Debug|Any CPU.ActiveCfg = Debug|Any CPU
		{7F2A1DE8-B41E-4EC5-B4E2-248FF692E06A}.Debug|Any CPU.Build.0 = Debug|Any CPU
		{7F2A1DE8-B41E-4EC5-B4E2-248FF692E06A}.Release|Any CPU.ActiveCfg = Release|Any CPU
		{7F2A1DE8-B41E-4EC5-B4E2-248FF692E06A}.Release|Any CPU.Build.0 = Release|Any CPU
		{23C3E9A7-7C71-4D36-9838-3E6157F71404}.Debug|Any CPU.ActiveCfg = Debug|Any CPU
		{23C3E9A7-7C71-4D36-9838-3E6157F71404}.Debug|Any CPU.Build.0 = Debug|Any CPU
		{23C3E9A7-7C71-4D36-9838-3E6157F71404}.Release|Any CPU.ActiveCfg = Release|Any CPU
		{23C3E9A7-7C71-4D36-9838-3E6157F71404}.Release|Any CPU.Build.0 = Release|Any CPU
		{E752FECA-DD89-41D9-8FBD-C7A76D162F6D}.Debug|Any CPU.ActiveCfg = Debug|Any CPU
		{E752FECA-DD89-41D9-8FBD-C7A76D162F6D}.Debug|Any CPU.Build.0 = Debug|Any CPU
		{E752FECA-DD89-41D9-8FBD-C7A76D162F6D}.Release|Any CPU.ActiveCfg = Release|Any CPU
		{E752FECA-DD89-41D9-8FBD-C7A76D162F6D}.Release|Any CPU.Build.0 = Release|Any CPU
		{B6530CBE-72B9-4EF6-9BDE-20D7220FF5DA}.Debug|Any CPU.ActiveCfg = Debug|Any CPU
		{B6530CBE-72B9-4EF6-9BDE-20D7220FF5DA}.Debug|Any CPU.Build.0 = Debug|Any CPU
		{B6530CBE-72B9-4EF6-9BDE-20D7220FF5DA}.Release|Any CPU.ActiveCfg = Release|Any CPU
		{B6530CBE-72B9-4EF6-9BDE-20D7220FF5DA}.Release|Any CPU.Build.0 = Release|Any CPU
		{F9158939-08D1-4F10-9250-1437A8ED1799}.Debug|Any CPU.ActiveCfg = Debug|Any CPU
		{F9158939-08D1-4F10-9250-1437A8ED1799}.Debug|Any CPU.Build.0 = Debug|Any CPU
		{F9158939-08D1-4F10-9250-1437A8ED1799}.Release|Any CPU.ActiveCfg = Release|Any CPU
		{F9158939-08D1-4F10-9250-1437A8ED1799}.Release|Any CPU.Build.0 = Release|Any CPU
		{37D1D0E6-DBBA-4EAD-99D3-380FB3C97EF0}.Debug|Any CPU.ActiveCfg = Debug|Any CPU
		{37D1D0E6-DBBA-4EAD-99D3-380FB3C97EF0}.Debug|Any CPU.Build.0 = Debug|Any CPU
		{37D1D0E6-DBBA-4EAD-99D3-380FB3C97EF0}.Release|Any CPU.ActiveCfg = Release|Any CPU
		{37D1D0E6-DBBA-4EAD-99D3-380FB3C97EF0}.Release|Any CPU.Build.0 = Release|Any CPU
		{0F73C429-1B2F-48B7-9D38-20DA17AD350B}.Debug|Any CPU.ActiveCfg = Debug|Any CPU
		{0F73C429-1B2F-48B7-9D38-20DA17AD350B}.Debug|Any CPU.Build.0 = Debug|Any CPU
		{0F73C429-1B2F-48B7-9D38-20DA17AD350B}.Release|Any CPU.ActiveCfg = Release|Any CPU
		{0F73C429-1B2F-48B7-9D38-20DA17AD350B}.Release|Any CPU.Build.0 = Release|Any CPU
		{731FD050-AE09-4EA6-838C-FE8032DB4219}.Debug|Any CPU.ActiveCfg = Debug|Any CPU
		{731FD050-AE09-4EA6-838C-FE8032DB4219}.Debug|Any CPU.Build.0 = Debug|Any CPU
		{731FD050-AE09-4EA6-838C-FE8032DB4219}.Release|Any CPU.ActiveCfg = Release|Any CPU
		{731FD050-AE09-4EA6-838C-FE8032DB4219}.Release|Any CPU.Build.0 = Release|Any CPU
		{5D326E8A-851B-4537-A477-838709FDB965}.Debug|Any CPU.ActiveCfg = Debug|Any CPU
		{5D326E8A-851B-4537-A477-838709FDB965}.Debug|Any CPU.Build.0 = Debug|Any CPU
		{5D326E8A-851B-4537-A477-838709FDB965}.Release|Any CPU.ActiveCfg = Release|Any CPU
		{5D326E8A-851B-4537-A477-838709FDB965}.Release|Any CPU.Build.0 = Release|Any CPU
		{959DF948-6208-4EA2-BBB8-BA87E6FDCAB7}.Debug|Any CPU.ActiveCfg = Debug|Any CPU
		{959DF948-6208-4EA2-BBB8-BA87E6FDCAB7}.Debug|Any CPU.Build.0 = Debug|Any CPU
		{959DF948-6208-4EA2-BBB8-BA87E6FDCAB7}.Release|Any CPU.ActiveCfg = Release|Any CPU
		{959DF948-6208-4EA2-BBB8-BA87E6FDCAB7}.Release|Any CPU.Build.0 = Release|Any CPU
		{C197714E-8EBA-4A27-8370-A6F8D1648762}.Debug|Any CPU.ActiveCfg = Debug|Any CPU
		{C197714E-8EBA-4A27-8370-A6F8D1648762}.Debug|Any CPU.Build.0 = Debug|Any CPU
		{C197714E-8EBA-4A27-8370-A6F8D1648762}.Release|Any CPU.ActiveCfg = Release|Any CPU
		{C197714E-8EBA-4A27-8370-A6F8D1648762}.Release|Any CPU.Build.0 = Release|Any CPU
	EndGlobalSection
	GlobalSection(SolutionProperties) = preSolution
		HideSolutionNode = FALSE
	EndGlobalSection
	GlobalSection(NestedProjects) = preSolution
		{5D326E8A-851B-4537-A477-838709FDB965} = {2D057C2A-06BD-48F2-A075-B6EC42D39007}
		{959DF948-6208-4EA2-BBB8-BA87E6FDCAB7} = {2D057C2A-06BD-48F2-A075-B6EC42D39007}
	EndGlobalSection
EndGlobal
