
Microsoft Visual Studio Solution File, Format Version 12.00
# Visual Studio 14
VisualStudioVersion = 14.0.24720.0
MinimumVisualStudioVersion = 10.0.40219.1
Project("{FAE04EC0-301F-11D3-BF4B-00C04F79EFBC}") = "Simplify.Log", "Simplify.Log\Simplify.Log.csproj", "{DA27C4E4-081C-4BF6-B6EF-0D1C093450E4}"
EndProject
Project("{FAE04EC0-301F-11D3-BF4B-00C04F79EFBC}") = "Simplify.Templates", "Simplify.Templates\Simplify.Templates.csproj", "{9936D660-C421-4155-832E-EDA412A14506}"
EndProject
Project("{FAE04EC0-301F-11D3-BF4B-00C04F79EFBC}") = "Simplify.Templates.Tests", "Simplify.Templates.Tests\Simplify.Templates.Tests.csproj", "{02536C02-B696-4CEF-9B19-85CAA04A8C17}"
EndProject
Project("{FAE04EC0-301F-11D3-BF4B-00C04F79EFBC}") = "Simplify.Extensions", "Simplify.Extensions\Simplify.Extensions.csproj", "{AC0D763E-2F85-4340-A36A-7B92EB3A73D9}"
EndProject
Project("{FAE04EC0-301F-11D3-BF4B-00C04F79EFBC}") = "Simplify.Extensions.Tests", "Simplify.Extensions.Tests\Simplify.Extensions.Tests.csproj", "{16F19AE3-A3E2-4C95-A8A7-0A7706F15479}"
EndProject
Project("{FAE04EC0-301F-11D3-BF4B-00C04F79EFBC}") = "Simplify.WindowsServices", "Simplify.WindowsServices\Simplify.WindowsServices.csproj", "{7F2A1DE8-B41E-4EC5-B4E2-248FF692E06A}"
EndProject
Project("{FAE04EC0-301F-11D3-BF4B-00C04F79EFBC}") = "Simplify.Mail", "Simplify.Mail\Simplify.Mail.csproj", "{B6530CBE-72B9-4EF6-9BDE-20D7220FF5DA}"
EndProject
Project("{FAE04EC0-301F-11D3-BF4B-00C04F79EFBC}") = "Simplify.Xml", "Simplify.Xml\Simplify.Xml.csproj", "{F9158939-08D1-4F10-9250-1437A8ED1799}"
EndProject
Project("{FAE04EC0-301F-11D3-BF4B-00C04F79EFBC}") = "Simplify.Xml.Tests", "Simplify.Xml.Tests\Simplify.Xml.Tests.csproj", "{37D1D0E6-DBBA-4EAD-99D3-380FB3C97EF0}"
EndProject
Project("{FAE04EC0-301F-11D3-BF4B-00C04F79EFBC}") = "Simplify.FluentNHibernate", "Simplify.FluentNHibernate\Simplify.FluentNHibernate.csproj", "{0F73C429-1B2F-48B7-9D38-20DA17AD350B}"
EndProject
Project("{FAE04EC0-301F-11D3-BF4B-00C04F79EFBC}") = "Simplify.FluentNHibernate.Tests", "Simplify.FluentNHibernate.Tests\Simplify.FluentNHibernate.Tests.csproj", "{731FD050-AE09-4EA6-838C-FE8032DB4219}"
EndProject
Project("{2150E333-8FDC-42A3-9474-1A3956D46DE8}") = "Examples", "Examples", "{2D057C2A-06BD-48F2-A075-B6EC42D39007}"
EndProject
Project("{FAE04EC0-301F-11D3-BF4B-00C04F79EFBC}") = "Simplify.FluentNHibernate.Examples.Database", "Examples\Simplify.FluentNHibernate.Examples.Database\Simplify.FluentNHibernate.Examples.Database.csproj", "{5D326E8A-851B-4537-A477-838709FDB965}"
EndProject
Project("{FAE04EC0-301F-11D3-BF4B-00C04F79EFBC}") = "Simplify.FluentNHibernate.Examples.Domain", "Examples\Simplify.FluentNHibernate.Examples.Domain\Simplify.FluentNHibernate.Examples.Domain.csproj", "{959DF948-6208-4EA2-BBB8-BA87E6FDCAB7}"
EndProject
Project("{2150E333-8FDC-42A3-9474-1A3956D46DE8}") = "Images", "Images", "{21CDC14F-3620-4C15-B4BB-EBE5CBB96579}"
	ProjectSection(SolutionItems) = preProject
		Images\Icon.png = Images\Icon.png
		Images\Logo.xcf = Images\Logo.xcf
	EndProjectSection
EndProject
Project("{FAE04EC0-301F-11D3-BF4B-00C04F79EFBC}") = "Simplify.Resources", "Simplify.Resources\Simplify.Resources.csproj", "{C197714E-8EBA-4A27-8370-A6F8D1648762}"
EndProject
Project("{FAE04EC0-301F-11D3-BF4B-00C04F79EFBC}") = "Simplify.Windows.Forms", "Simplify.Windows.Forms\Simplify.Windows.Forms.csproj", "{95BAF8DC-B67D-4C65-82EF-7097199B256A}"
EndProject
Project("{FAE04EC0-301F-11D3-BF4B-00C04F79EFBC}") = "Simplify.IO", "Simplify.IO\Simplify.IO.csproj", "{A0BFE550-8E25-422A-89EC-821EB712392C}"
EndProject
Project("{FAE04EC0-301F-11D3-BF4B-00C04F79EFBC}") = "Simplify.IO.Tests", "Simplify.IO.Tests\Simplify.IO.Tests.csproj", "{C089B4F9-1F37-4EED-949B-E22A64A998A5}"
EndProject
Project("{FAE04EC0-301F-11D3-BF4B-00C04F79EFBC}") = "Simplify.Cryptography", "Simplify.Cryptography\Simplify.Cryptography.csproj", "{B0649DEA-1801-4BC4-97B0-756A796569CD}"
EndProject
Project("{FAE04EC0-301F-11D3-BF4B-00C04F79EFBC}") = "Simplify.Cryptography.Tests", "Simplify.Cryptography.Tests\Simplify.Cryptography.Tests.csproj", "{B47C5267-B979-444D-9E59-057972465941}"
EndProject
Project("{FAE04EC0-301F-11D3-BF4B-00C04F79EFBC}") = "Simplify.String", "Simplify.String\Simplify.String.csproj", "{43FEB1F0-BEBC-4736-A67B-70A883747449}"
EndProject
Project("{FAE04EC0-301F-11D3-BF4B-00C04F79EFBC}") = "Simplify.String.Tests", "Simplify.String.Tests\Simplify.String.Tests.csproj", "{564B187E-5E37-49F8-B8E8-17081D470A36}"
EndProject
Project("{2150E333-8FDC-42A3-9474-1A3956D46DE8}") = ".nuget", ".nuget", "{0ABE7D0F-F93A-4A75-915A-510CBEBA0800}"
	ProjectSection(SolutionItems) = preProject
		.nuget\NuGet.Config = .nuget\NuGet.Config
		.nuget\NuGet.exe = .nuget\NuGet.exe
		.nuget\NuGet.targets = .nuget\NuGet.targets
	EndProjectSection
EndProject
Project("{FAE04EC0-301F-11D3-BF4B-00C04F79EFBC}") = "Simplify.System", "Simplify.System\Simplify.System.csproj", "{BB69325D-028C-4F20-8F46-B0F4D70598C8}"
EndProject
Project("{FAE04EC0-301F-11D3-BF4B-00C04F79EFBC}") = "Simplify.DI", "Simplify.DI\Simplify.DI.csproj", "{F83B9317-345D-4815-AC12-E71C0684CFEA}"
EndProject
Project("{FAE04EC0-301F-11D3-BF4B-00C04F79EFBC}") = "Simplify.System.Tests", "Simplify.System.Tests\Simplify.System.Tests.csproj", "{BDFB91F8-9C0B-4E60-AF5A-397B939501DB}"
EndProject
Project("{FAE04EC0-301F-11D3-BF4B-00C04F79EFBC}") = "Simplify.DI.Provider.CastleWindsor", "Simplify.DI.Provider.CastleWindsor\Simplify.DI.Provider.CastleWindsor.csproj", "{24E43EA7-A88B-405D-B343-E4919147F70C}"
EndProject
Project("{FAE04EC0-301F-11D3-BF4B-00C04F79EFBC}") = "Simplify.DI.Provider.SimpleInjector", "Simplify.DI.Provider.SimpleInjector\Simplify.DI.Provider.SimpleInjector.csproj", "{27EAB5AE-F310-4A41-8D2F-59F773654783}"
EndProject
Project("{FAE04EC0-301F-11D3-BF4B-00C04F79EFBC}") = "Simplify.WindowsServices.SingleTaskExample", "Examples\Simplify.WindowsServices.SingleTaskExample\Simplify.WindowsServices.SingleTaskExample.csproj", "{E18A26A0-ADA6-442C-B01D-12E2EB51AF34}"
EndProject
Project("{FAE04EC0-301F-11D3-BF4B-00C04F79EFBC}") = "Simplify.WindowsServices.MultitaskExample", "Examples\Simplify.WindowsServices.MultitaskExample\Simplify.WindowsServices.MultitaskExample.csproj", "{5CA3660E-F7C0-4382-8121-23F8F551C88E}"
EndProject
Project("{FAE04EC0-301F-11D3-BF4B-00C04F79EFBC}") = "Simplify.DI.Wcf", "Simplify.DI.Wcf\Simplify.DI.Wcf.csproj", "{E62E8148-E29B-4933-A336-5D3740FEB8CB}"
EndProject
Project("{FAE04EC0-301F-11D3-BF4B-00C04F79EFBC}") = "Simplify.DI.Tests", "Simplify.DI.Tests\Simplify.DI.Tests.csproj", "{E9625FD9-A982-4C83-9835-25E99BBB724C}"
EndProject
Project("{2150E333-8FDC-42A3-9474-1A3956D46DE8}") = "Simplify.DI Projects", "Simplify.DI Projects", "{2D619A98-03A6-434F-B8CA-4473D4F8C52A}"
EndProject
Project("{2150E333-8FDC-42A3-9474-1A3956D46DE8}") = "Repository", "Repository", "{F43AE642-DC80-4BE0-93BD-8B718950C8BD}"
EndProject
Project("{FAE04EC0-301F-11D3-BF4B-00C04F79EFBC}") = "Simplify.Repository", "Simplify.Repository\Simplify.Repository.csproj", "{9EB05935-EAD1-4B3C-B758-0AF26338C474}"
EndProject
Project("{FAE04EC0-301F-11D3-BF4B-00C04F79EFBC}") = "Simplify.Repository.FluentNHibernate", "Simplify.Repository.FluentNHibernate\Simplify.Repository.FluentNHibernate.csproj", "{FB81EF87-C5C4-4D03-B229-2CC7DF3CF970}"
EndProject
Project("{FAE04EC0-301F-11D3-BF4B-00C04F79EFBC}") = "Simplify.DI.Provider.CastleWindsor.Tests", "Simplify.DI.Provider.CastleWindsor.Tests\Simplify.DI.Provider.CastleWindsor.Tests.csproj", "{4622E1B8-F5FF-4B20-BA40-ECCEFA6E568D}"
EndProject
Project("{FAE04EC0-301F-11D3-BF4B-00C04F79EFBC}") = "Simplify.DI.Provider.SimpleInjector.Tests", "Simplify.DI.Provider.SimpleInjector.Tests\Simplify.DI.Provider.SimpleInjector.Tests.csproj", "{402D19B5-578C-4C05-A77C-FDCB4417C54D}"
EndProject
Project("{2150E333-8FDC-42A3-9474-1A3956D46DE8}") = "Simplify.WindowsServices Projects", "Simplify.WindowsServices Projects", "{5CAE2FF3-6428-4A1C-845B-BF1866939105}"
EndProject
Project("{FAE04EC0-301F-11D3-BF4B-00C04F79EFBC}") = "Simplify.WindowsServices.IntegrationTests", "Simplify.WindowsServices.IntegrationTests\Simplify.WindowsServices.IntegrationTests.csproj", "{FDE80D70-B1C1-43ED-9037-3533479B7C81}"
EndProject
Global
	GlobalSection(SolutionConfigurationPlatforms) = preSolution
		Debug|Any CPU = Debug|Any CPU
		Debug|x64 = Debug|x64
		Debug|x86 = Debug|x86
		Release|Any CPU = Release|Any CPU
		Release|x64 = Release|x64
		Release|x86 = Release|x86
	EndGlobalSection
	GlobalSection(ProjectConfigurationPlatforms) = postSolution
		{DA27C4E4-081C-4BF6-B6EF-0D1C093450E4}.Debug|Any CPU.ActiveCfg = Debug|Any CPU
		{DA27C4E4-081C-4BF6-B6EF-0D1C093450E4}.Debug|Any CPU.Build.0 = Debug|Any CPU
		{DA27C4E4-081C-4BF6-B6EF-0D1C093450E4}.Debug|x64.ActiveCfg = Debug|Any CPU
		{DA27C4E4-081C-4BF6-B6EF-0D1C093450E4}.Debug|x86.ActiveCfg = Debug|Any CPU
		{DA27C4E4-081C-4BF6-B6EF-0D1C093450E4}.Debug|x86.Build.0 = Debug|Any CPU
		{DA27C4E4-081C-4BF6-B6EF-0D1C093450E4}.Release|Any CPU.ActiveCfg = Release|Any CPU
		{DA27C4E4-081C-4BF6-B6EF-0D1C093450E4}.Release|Any CPU.Build.0 = Release|Any CPU
		{DA27C4E4-081C-4BF6-B6EF-0D1C093450E4}.Release|x64.ActiveCfg = Release|Any CPU
		{DA27C4E4-081C-4BF6-B6EF-0D1C093450E4}.Release|x86.ActiveCfg = Release|Any CPU
		{DA27C4E4-081C-4BF6-B6EF-0D1C093450E4}.Release|x86.Build.0 = Release|Any CPU
		{9936D660-C421-4155-832E-EDA412A14506}.Debug|Any CPU.ActiveCfg = Debug|Any CPU
		{9936D660-C421-4155-832E-EDA412A14506}.Debug|Any CPU.Build.0 = Debug|Any CPU
		{9936D660-C421-4155-832E-EDA412A14506}.Debug|x64.ActiveCfg = Debug|Any CPU
		{9936D660-C421-4155-832E-EDA412A14506}.Debug|x86.ActiveCfg = Debug|Any CPU
		{9936D660-C421-4155-832E-EDA412A14506}.Debug|x86.Build.0 = Debug|Any CPU
		{9936D660-C421-4155-832E-EDA412A14506}.Release|Any CPU.ActiveCfg = Release|Any CPU
		{9936D660-C421-4155-832E-EDA412A14506}.Release|Any CPU.Build.0 = Release|Any CPU
		{9936D660-C421-4155-832E-EDA412A14506}.Release|x64.ActiveCfg = Release|Any CPU
		{9936D660-C421-4155-832E-EDA412A14506}.Release|x86.ActiveCfg = Release|Any CPU
		{9936D660-C421-4155-832E-EDA412A14506}.Release|x86.Build.0 = Release|Any CPU
		{02536C02-B696-4CEF-9B19-85CAA04A8C17}.Debug|Any CPU.ActiveCfg = Debug|Any CPU
		{02536C02-B696-4CEF-9B19-85CAA04A8C17}.Debug|Any CPU.Build.0 = Debug|Any CPU
		{02536C02-B696-4CEF-9B19-85CAA04A8C17}.Debug|x64.ActiveCfg = Debug|Any CPU
		{02536C02-B696-4CEF-9B19-85CAA04A8C17}.Debug|x86.ActiveCfg = Debug|Any CPU
		{02536C02-B696-4CEF-9B19-85CAA04A8C17}.Debug|x86.Build.0 = Debug|Any CPU
		{02536C02-B696-4CEF-9B19-85CAA04A8C17}.Release|Any CPU.ActiveCfg = Release|Any CPU
		{02536C02-B696-4CEF-9B19-85CAA04A8C17}.Release|Any CPU.Build.0 = Release|Any CPU
		{02536C02-B696-4CEF-9B19-85CAA04A8C17}.Release|x64.ActiveCfg = Release|Any CPU
		{02536C02-B696-4CEF-9B19-85CAA04A8C17}.Release|x86.ActiveCfg = Release|Any CPU
		{02536C02-B696-4CEF-9B19-85CAA04A8C17}.Release|x86.Build.0 = Release|Any CPU
		{AC0D763E-2F85-4340-A36A-7B92EB3A73D9}.Debug|Any CPU.ActiveCfg = Debug|Any CPU
		{AC0D763E-2F85-4340-A36A-7B92EB3A73D9}.Debug|Any CPU.Build.0 = Debug|Any CPU
		{AC0D763E-2F85-4340-A36A-7B92EB3A73D9}.Debug|x64.ActiveCfg = Debug|Any CPU
		{AC0D763E-2F85-4340-A36A-7B92EB3A73D9}.Debug|x86.ActiveCfg = Debug|Any CPU
		{AC0D763E-2F85-4340-A36A-7B92EB3A73D9}.Debug|x86.Build.0 = Debug|Any CPU
		{AC0D763E-2F85-4340-A36A-7B92EB3A73D9}.Release|Any CPU.ActiveCfg = Release|Any CPU
		{AC0D763E-2F85-4340-A36A-7B92EB3A73D9}.Release|Any CPU.Build.0 = Release|Any CPU
		{AC0D763E-2F85-4340-A36A-7B92EB3A73D9}.Release|x64.ActiveCfg = Release|Any CPU
		{AC0D763E-2F85-4340-A36A-7B92EB3A73D9}.Release|x86.ActiveCfg = Release|Any CPU
		{AC0D763E-2F85-4340-A36A-7B92EB3A73D9}.Release|x86.Build.0 = Release|Any CPU
		{16F19AE3-A3E2-4C95-A8A7-0A7706F15479}.Debug|Any CPU.ActiveCfg = Debug|Any CPU
		{16F19AE3-A3E2-4C95-A8A7-0A7706F15479}.Debug|Any CPU.Build.0 = Debug|Any CPU
		{16F19AE3-A3E2-4C95-A8A7-0A7706F15479}.Debug|x64.ActiveCfg = Debug|Any CPU
		{16F19AE3-A3E2-4C95-A8A7-0A7706F15479}.Debug|x86.ActiveCfg = Debug|Any CPU
		{16F19AE3-A3E2-4C95-A8A7-0A7706F15479}.Debug|x86.Build.0 = Debug|Any CPU
		{16F19AE3-A3E2-4C95-A8A7-0A7706F15479}.Release|Any CPU.ActiveCfg = Release|Any CPU
		{16F19AE3-A3E2-4C95-A8A7-0A7706F15479}.Release|Any CPU.Build.0 = Release|Any CPU
		{16F19AE3-A3E2-4C95-A8A7-0A7706F15479}.Release|x64.ActiveCfg = Release|Any CPU
		{16F19AE3-A3E2-4C95-A8A7-0A7706F15479}.Release|x86.ActiveCfg = Release|Any CPU
		{16F19AE3-A3E2-4C95-A8A7-0A7706F15479}.Release|x86.Build.0 = Release|Any CPU
		{7F2A1DE8-B41E-4EC5-B4E2-248FF692E06A}.Debug|Any CPU.ActiveCfg = Debug|Any CPU
		{7F2A1DE8-B41E-4EC5-B4E2-248FF692E06A}.Debug|Any CPU.Build.0 = Debug|Any CPU
		{7F2A1DE8-B41E-4EC5-B4E2-248FF692E06A}.Debug|x64.ActiveCfg = Debug|Any CPU
		{7F2A1DE8-B41E-4EC5-B4E2-248FF692E06A}.Debug|x86.ActiveCfg = Debug|x86
		{7F2A1DE8-B41E-4EC5-B4E2-248FF692E06A}.Debug|x86.Build.0 = Debug|x86
		{7F2A1DE8-B41E-4EC5-B4E2-248FF692E06A}.Release|Any CPU.ActiveCfg = Release|Any CPU
		{7F2A1DE8-B41E-4EC5-B4E2-248FF692E06A}.Release|Any CPU.Build.0 = Release|Any CPU
		{7F2A1DE8-B41E-4EC5-B4E2-248FF692E06A}.Release|x64.ActiveCfg = Release|Any CPU
		{7F2A1DE8-B41E-4EC5-B4E2-248FF692E06A}.Release|x86.ActiveCfg = Release|x86
		{7F2A1DE8-B41E-4EC5-B4E2-248FF692E06A}.Release|x86.Build.0 = Release|x86
		{B6530CBE-72B9-4EF6-9BDE-20D7220FF5DA}.Debug|Any CPU.ActiveCfg = Debug|Any CPU
		{B6530CBE-72B9-4EF6-9BDE-20D7220FF5DA}.Debug|Any CPU.Build.0 = Debug|Any CPU
		{B6530CBE-72B9-4EF6-9BDE-20D7220FF5DA}.Debug|x64.ActiveCfg = Debug|Any CPU
		{B6530CBE-72B9-4EF6-9BDE-20D7220FF5DA}.Debug|x86.ActiveCfg = Debug|Any CPU
		{B6530CBE-72B9-4EF6-9BDE-20D7220FF5DA}.Debug|x86.Build.0 = Debug|Any CPU
		{B6530CBE-72B9-4EF6-9BDE-20D7220FF5DA}.Release|Any CPU.ActiveCfg = Release|Any CPU
		{B6530CBE-72B9-4EF6-9BDE-20D7220FF5DA}.Release|Any CPU.Build.0 = Release|Any CPU
		{B6530CBE-72B9-4EF6-9BDE-20D7220FF5DA}.Release|x64.ActiveCfg = Release|Any CPU
		{B6530CBE-72B9-4EF6-9BDE-20D7220FF5DA}.Release|x86.ActiveCfg = Release|Any CPU
		{B6530CBE-72B9-4EF6-9BDE-20D7220FF5DA}.Release|x86.Build.0 = Release|Any CPU
		{F9158939-08D1-4F10-9250-1437A8ED1799}.Debug|Any CPU.ActiveCfg = Debug|Any CPU
		{F9158939-08D1-4F10-9250-1437A8ED1799}.Debug|Any CPU.Build.0 = Debug|Any CPU
		{F9158939-08D1-4F10-9250-1437A8ED1799}.Debug|x64.ActiveCfg = Debug|Any CPU
		{F9158939-08D1-4F10-9250-1437A8ED1799}.Debug|x86.ActiveCfg = Debug|Any CPU
		{F9158939-08D1-4F10-9250-1437A8ED1799}.Debug|x86.Build.0 = Debug|Any CPU
		{F9158939-08D1-4F10-9250-1437A8ED1799}.Release|Any CPU.ActiveCfg = Release|Any CPU
		{F9158939-08D1-4F10-9250-1437A8ED1799}.Release|Any CPU.Build.0 = Release|Any CPU
		{F9158939-08D1-4F10-9250-1437A8ED1799}.Release|x64.ActiveCfg = Release|Any CPU
		{F9158939-08D1-4F10-9250-1437A8ED1799}.Release|x86.ActiveCfg = Release|Any CPU
		{F9158939-08D1-4F10-9250-1437A8ED1799}.Release|x86.Build.0 = Release|Any CPU
		{37D1D0E6-DBBA-4EAD-99D3-380FB3C97EF0}.Debug|Any CPU.ActiveCfg = Debug|Any CPU
		{37D1D0E6-DBBA-4EAD-99D3-380FB3C97EF0}.Debug|Any CPU.Build.0 = Debug|Any CPU
		{37D1D0E6-DBBA-4EAD-99D3-380FB3C97EF0}.Debug|x64.ActiveCfg = Debug|Any CPU
		{37D1D0E6-DBBA-4EAD-99D3-380FB3C97EF0}.Debug|x86.ActiveCfg = Debug|Any CPU
		{37D1D0E6-DBBA-4EAD-99D3-380FB3C97EF0}.Debug|x86.Build.0 = Debug|Any CPU
		{37D1D0E6-DBBA-4EAD-99D3-380FB3C97EF0}.Release|Any CPU.ActiveCfg = Release|Any CPU
		{37D1D0E6-DBBA-4EAD-99D3-380FB3C97EF0}.Release|Any CPU.Build.0 = Release|Any CPU
		{37D1D0E6-DBBA-4EAD-99D3-380FB3C97EF0}.Release|x64.ActiveCfg = Release|Any CPU
		{37D1D0E6-DBBA-4EAD-99D3-380FB3C97EF0}.Release|x86.ActiveCfg = Release|Any CPU
		{37D1D0E6-DBBA-4EAD-99D3-380FB3C97EF0}.Release|x86.Build.0 = Release|Any CPU
		{0F73C429-1B2F-48B7-9D38-20DA17AD350B}.Debug|Any CPU.ActiveCfg = Debug|Any CPU
		{0F73C429-1B2F-48B7-9D38-20DA17AD350B}.Debug|Any CPU.Build.0 = Debug|Any CPU
		{0F73C429-1B2F-48B7-9D38-20DA17AD350B}.Debug|x64.ActiveCfg = Debug|Any CPU
		{0F73C429-1B2F-48B7-9D38-20DA17AD350B}.Debug|x86.ActiveCfg = Debug|Any CPU
		{0F73C429-1B2F-48B7-9D38-20DA17AD350B}.Debug|x86.Build.0 = Debug|Any CPU
		{0F73C429-1B2F-48B7-9D38-20DA17AD350B}.Release|Any CPU.ActiveCfg = Release|Any CPU
		{0F73C429-1B2F-48B7-9D38-20DA17AD350B}.Release|Any CPU.Build.0 = Release|Any CPU
		{0F73C429-1B2F-48B7-9D38-20DA17AD350B}.Release|x64.ActiveCfg = Release|Any CPU
		{0F73C429-1B2F-48B7-9D38-20DA17AD350B}.Release|x86.ActiveCfg = Release|Any CPU
		{0F73C429-1B2F-48B7-9D38-20DA17AD350B}.Release|x86.Build.0 = Release|Any CPU
		{731FD050-AE09-4EA6-838C-FE8032DB4219}.Debug|Any CPU.ActiveCfg = Debug|x86
		{731FD050-AE09-4EA6-838C-FE8032DB4219}.Debug|Any CPU.Build.0 = Debug|x86
		{731FD050-AE09-4EA6-838C-FE8032DB4219}.Debug|x64.ActiveCfg = Debug|x64
		{731FD050-AE09-4EA6-838C-FE8032DB4219}.Debug|x64.Build.0 = Debug|x64
		{731FD050-AE09-4EA6-838C-FE8032DB4219}.Debug|x86.ActiveCfg = Debug|x86
		{731FD050-AE09-4EA6-838C-FE8032DB4219}.Debug|x86.Build.0 = Debug|x86
		{731FD050-AE09-4EA6-838C-FE8032DB4219}.Release|Any CPU.ActiveCfg = Release|x86
		{731FD050-AE09-4EA6-838C-FE8032DB4219}.Release|Any CPU.Build.0 = Release|x86
		{731FD050-AE09-4EA6-838C-FE8032DB4219}.Release|x64.ActiveCfg = Release|x64
		{731FD050-AE09-4EA6-838C-FE8032DB4219}.Release|x64.Build.0 = Release|x64
		{731FD050-AE09-4EA6-838C-FE8032DB4219}.Release|x86.ActiveCfg = Release|x86
		{731FD050-AE09-4EA6-838C-FE8032DB4219}.Release|x86.Build.0 = Release|x86
		{5D326E8A-851B-4537-A477-838709FDB965}.Debug|Any CPU.ActiveCfg = Debug|Any CPU
		{5D326E8A-851B-4537-A477-838709FDB965}.Debug|Any CPU.Build.0 = Debug|Any CPU
		{5D326E8A-851B-4537-A477-838709FDB965}.Debug|x64.ActiveCfg = Debug|Any CPU
		{5D326E8A-851B-4537-A477-838709FDB965}.Debug|x86.ActiveCfg = Debug|Any CPU
		{5D326E8A-851B-4537-A477-838709FDB965}.Debug|x86.Build.0 = Debug|Any CPU
		{5D326E8A-851B-4537-A477-838709FDB965}.Release|Any CPU.ActiveCfg = Release|Any CPU
		{5D326E8A-851B-4537-A477-838709FDB965}.Release|Any CPU.Build.0 = Release|Any CPU
		{5D326E8A-851B-4537-A477-838709FDB965}.Release|x64.ActiveCfg = Release|Any CPU
		{5D326E8A-851B-4537-A477-838709FDB965}.Release|x86.ActiveCfg = Release|Any CPU
		{5D326E8A-851B-4537-A477-838709FDB965}.Release|x86.Build.0 = Release|Any CPU
		{959DF948-6208-4EA2-BBB8-BA87E6FDCAB7}.Debug|Any CPU.ActiveCfg = Debug|Any CPU
		{959DF948-6208-4EA2-BBB8-BA87E6FDCAB7}.Debug|Any CPU.Build.0 = Debug|Any CPU
		{959DF948-6208-4EA2-BBB8-BA87E6FDCAB7}.Debug|x64.ActiveCfg = Debug|Any CPU
		{959DF948-6208-4EA2-BBB8-BA87E6FDCAB7}.Debug|x86.ActiveCfg = Debug|Any CPU
		{959DF948-6208-4EA2-BBB8-BA87E6FDCAB7}.Debug|x86.Build.0 = Debug|Any CPU
		{959DF948-6208-4EA2-BBB8-BA87E6FDCAB7}.Release|Any CPU.ActiveCfg = Release|Any CPU
		{959DF948-6208-4EA2-BBB8-BA87E6FDCAB7}.Release|Any CPU.Build.0 = Release|Any CPU
		{959DF948-6208-4EA2-BBB8-BA87E6FDCAB7}.Release|x64.ActiveCfg = Release|Any CPU
		{959DF948-6208-4EA2-BBB8-BA87E6FDCAB7}.Release|x86.ActiveCfg = Release|Any CPU
		{959DF948-6208-4EA2-BBB8-BA87E6FDCAB7}.Release|x86.Build.0 = Release|Any CPU
		{C197714E-8EBA-4A27-8370-A6F8D1648762}.Debug|Any CPU.ActiveCfg = Debug|Any CPU
		{C197714E-8EBA-4A27-8370-A6F8D1648762}.Debug|Any CPU.Build.0 = Debug|Any CPU
		{C197714E-8EBA-4A27-8370-A6F8D1648762}.Debug|x64.ActiveCfg = Debug|Any CPU
		{C197714E-8EBA-4A27-8370-A6F8D1648762}.Debug|x86.ActiveCfg = Debug|Any CPU
		{C197714E-8EBA-4A27-8370-A6F8D1648762}.Debug|x86.Build.0 = Debug|Any CPU
		{C197714E-8EBA-4A27-8370-A6F8D1648762}.Release|Any CPU.ActiveCfg = Release|Any CPU
		{C197714E-8EBA-4A27-8370-A6F8D1648762}.Release|Any CPU.Build.0 = Release|Any CPU
		{C197714E-8EBA-4A27-8370-A6F8D1648762}.Release|x64.ActiveCfg = Release|Any CPU
		{C197714E-8EBA-4A27-8370-A6F8D1648762}.Release|x86.ActiveCfg = Release|Any CPU
		{C197714E-8EBA-4A27-8370-A6F8D1648762}.Release|x86.Build.0 = Release|Any CPU
		{95BAF8DC-B67D-4C65-82EF-7097199B256A}.Debug|Any CPU.ActiveCfg = Debug|Any CPU
		{95BAF8DC-B67D-4C65-82EF-7097199B256A}.Debug|Any CPU.Build.0 = Debug|Any CPU
		{95BAF8DC-B67D-4C65-82EF-7097199B256A}.Debug|x64.ActiveCfg = Debug|Any CPU
		{95BAF8DC-B67D-4C65-82EF-7097199B256A}.Debug|x86.ActiveCfg = Debug|Any CPU
		{95BAF8DC-B67D-4C65-82EF-7097199B256A}.Debug|x86.Build.0 = Debug|Any CPU
		{95BAF8DC-B67D-4C65-82EF-7097199B256A}.Release|Any CPU.ActiveCfg = Release|Any CPU
		{95BAF8DC-B67D-4C65-82EF-7097199B256A}.Release|Any CPU.Build.0 = Release|Any CPU
		{95BAF8DC-B67D-4C65-82EF-7097199B256A}.Release|x64.ActiveCfg = Release|Any CPU
		{95BAF8DC-B67D-4C65-82EF-7097199B256A}.Release|x86.ActiveCfg = Release|Any CPU
		{95BAF8DC-B67D-4C65-82EF-7097199B256A}.Release|x86.Build.0 = Release|Any CPU
		{A0BFE550-8E25-422A-89EC-821EB712392C}.Debug|Any CPU.ActiveCfg = Debug|Any CPU
		{A0BFE550-8E25-422A-89EC-821EB712392C}.Debug|Any CPU.Build.0 = Debug|Any CPU
		{A0BFE550-8E25-422A-89EC-821EB712392C}.Debug|x64.ActiveCfg = Debug|Any CPU
		{A0BFE550-8E25-422A-89EC-821EB712392C}.Debug|x86.ActiveCfg = Debug|Any CPU
		{A0BFE550-8E25-422A-89EC-821EB712392C}.Debug|x86.Build.0 = Debug|Any CPU
		{A0BFE550-8E25-422A-89EC-821EB712392C}.Release|Any CPU.ActiveCfg = Release|Any CPU
		{A0BFE550-8E25-422A-89EC-821EB712392C}.Release|Any CPU.Build.0 = Release|Any CPU
		{A0BFE550-8E25-422A-89EC-821EB712392C}.Release|x64.ActiveCfg = Release|Any CPU
		{A0BFE550-8E25-422A-89EC-821EB712392C}.Release|x86.ActiveCfg = Release|Any CPU
		{A0BFE550-8E25-422A-89EC-821EB712392C}.Release|x86.Build.0 = Release|Any CPU
		{C089B4F9-1F37-4EED-949B-E22A64A998A5}.Debug|Any CPU.ActiveCfg = Debug|Any CPU
		{C089B4F9-1F37-4EED-949B-E22A64A998A5}.Debug|Any CPU.Build.0 = Debug|Any CPU
		{C089B4F9-1F37-4EED-949B-E22A64A998A5}.Debug|x64.ActiveCfg = Debug|Any CPU
		{C089B4F9-1F37-4EED-949B-E22A64A998A5}.Debug|x86.ActiveCfg = Debug|Any CPU
		{C089B4F9-1F37-4EED-949B-E22A64A998A5}.Debug|x86.Build.0 = Debug|Any CPU
		{C089B4F9-1F37-4EED-949B-E22A64A998A5}.Release|Any CPU.ActiveCfg = Release|Any CPU
		{C089B4F9-1F37-4EED-949B-E22A64A998A5}.Release|Any CPU.Build.0 = Release|Any CPU
		{C089B4F9-1F37-4EED-949B-E22A64A998A5}.Release|x64.ActiveCfg = Release|Any CPU
		{C089B4F9-1F37-4EED-949B-E22A64A998A5}.Release|x86.ActiveCfg = Release|Any CPU
		{C089B4F9-1F37-4EED-949B-E22A64A998A5}.Release|x86.Build.0 = Release|Any CPU
		{B0649DEA-1801-4BC4-97B0-756A796569CD}.Debug|Any CPU.ActiveCfg = Debug|Any CPU
		{B0649DEA-1801-4BC4-97B0-756A796569CD}.Debug|Any CPU.Build.0 = Debug|Any CPU
		{B0649DEA-1801-4BC4-97B0-756A796569CD}.Debug|x64.ActiveCfg = Debug|Any CPU
		{B0649DEA-1801-4BC4-97B0-756A796569CD}.Debug|x86.ActiveCfg = Debug|Any CPU
		{B0649DEA-1801-4BC4-97B0-756A796569CD}.Debug|x86.Build.0 = Debug|Any CPU
		{B0649DEA-1801-4BC4-97B0-756A796569CD}.Release|Any CPU.ActiveCfg = Release|Any CPU
		{B0649DEA-1801-4BC4-97B0-756A796569CD}.Release|Any CPU.Build.0 = Release|Any CPU
		{B0649DEA-1801-4BC4-97B0-756A796569CD}.Release|x64.ActiveCfg = Release|Any CPU
		{B0649DEA-1801-4BC4-97B0-756A796569CD}.Release|x86.ActiveCfg = Release|Any CPU
		{B0649DEA-1801-4BC4-97B0-756A796569CD}.Release|x86.Build.0 = Release|Any CPU
		{B47C5267-B979-444D-9E59-057972465941}.Debug|Any CPU.ActiveCfg = Debug|Any CPU
		{B47C5267-B979-444D-9E59-057972465941}.Debug|Any CPU.Build.0 = Debug|Any CPU
		{B47C5267-B979-444D-9E59-057972465941}.Debug|x64.ActiveCfg = Debug|Any CPU
		{B47C5267-B979-444D-9E59-057972465941}.Debug|x86.ActiveCfg = Debug|Any CPU
		{B47C5267-B979-444D-9E59-057972465941}.Debug|x86.Build.0 = Debug|Any CPU
		{B47C5267-B979-444D-9E59-057972465941}.Release|Any CPU.ActiveCfg = Release|Any CPU
		{B47C5267-B979-444D-9E59-057972465941}.Release|Any CPU.Build.0 = Release|Any CPU
		{B47C5267-B979-444D-9E59-057972465941}.Release|x64.ActiveCfg = Release|Any CPU
		{B47C5267-B979-444D-9E59-057972465941}.Release|x86.ActiveCfg = Release|Any CPU
		{B47C5267-B979-444D-9E59-057972465941}.Release|x86.Build.0 = Release|Any CPU
		{43FEB1F0-BEBC-4736-A67B-70A883747449}.Debug|Any CPU.ActiveCfg = Debug|Any CPU
		{43FEB1F0-BEBC-4736-A67B-70A883747449}.Debug|Any CPU.Build.0 = Debug|Any CPU
		{43FEB1F0-BEBC-4736-A67B-70A883747449}.Debug|x64.ActiveCfg = Debug|Any CPU
		{43FEB1F0-BEBC-4736-A67B-70A883747449}.Debug|x86.ActiveCfg = Debug|Any CPU
		{43FEB1F0-BEBC-4736-A67B-70A883747449}.Debug|x86.Build.0 = Debug|Any CPU
		{43FEB1F0-BEBC-4736-A67B-70A883747449}.Release|Any CPU.ActiveCfg = Release|Any CPU
		{43FEB1F0-BEBC-4736-A67B-70A883747449}.Release|Any CPU.Build.0 = Release|Any CPU
		{43FEB1F0-BEBC-4736-A67B-70A883747449}.Release|x64.ActiveCfg = Release|Any CPU
		{43FEB1F0-BEBC-4736-A67B-70A883747449}.Release|x86.ActiveCfg = Release|Any CPU
		{43FEB1F0-BEBC-4736-A67B-70A883747449}.Release|x86.Build.0 = Release|Any CPU
		{564B187E-5E37-49F8-B8E8-17081D470A36}.Debug|Any CPU.ActiveCfg = Debug|Any CPU
		{564B187E-5E37-49F8-B8E8-17081D470A36}.Debug|Any CPU.Build.0 = Debug|Any CPU
		{564B187E-5E37-49F8-B8E8-17081D470A36}.Debug|x64.ActiveCfg = Debug|Any CPU
		{564B187E-5E37-49F8-B8E8-17081D470A36}.Debug|x86.ActiveCfg = Debug|Any CPU
		{564B187E-5E37-49F8-B8E8-17081D470A36}.Debug|x86.Build.0 = Debug|Any CPU
		{564B187E-5E37-49F8-B8E8-17081D470A36}.Release|Any CPU.ActiveCfg = Release|Any CPU
		{564B187E-5E37-49F8-B8E8-17081D470A36}.Release|Any CPU.Build.0 = Release|Any CPU
		{564B187E-5E37-49F8-B8E8-17081D470A36}.Release|x64.ActiveCfg = Release|Any CPU
		{564B187E-5E37-49F8-B8E8-17081D470A36}.Release|x86.ActiveCfg = Release|Any CPU
		{564B187E-5E37-49F8-B8E8-17081D470A36}.Release|x86.Build.0 = Release|Any CPU
		{BB69325D-028C-4F20-8F46-B0F4D70598C8}.Debug|Any CPU.ActiveCfg = Debug|Any CPU
		{BB69325D-028C-4F20-8F46-B0F4D70598C8}.Debug|Any CPU.Build.0 = Debug|Any CPU
		{BB69325D-028C-4F20-8F46-B0F4D70598C8}.Debug|x64.ActiveCfg = Debug|Any CPU
		{BB69325D-028C-4F20-8F46-B0F4D70598C8}.Debug|x86.ActiveCfg = Debug|Any CPU
		{BB69325D-028C-4F20-8F46-B0F4D70598C8}.Debug|x86.Build.0 = Debug|Any CPU
		{BB69325D-028C-4F20-8F46-B0F4D70598C8}.Release|Any CPU.ActiveCfg = Release|Any CPU
		{BB69325D-028C-4F20-8F46-B0F4D70598C8}.Release|Any CPU.Build.0 = Release|Any CPU
		{BB69325D-028C-4F20-8F46-B0F4D70598C8}.Release|x64.ActiveCfg = Release|Any CPU
		{BB69325D-028C-4F20-8F46-B0F4D70598C8}.Release|x86.ActiveCfg = Release|Any CPU
		{BB69325D-028C-4F20-8F46-B0F4D70598C8}.Release|x86.Build.0 = Release|Any CPU
		{F83B9317-345D-4815-AC12-E71C0684CFEA}.Debug|Any CPU.ActiveCfg = Debug|Any CPU
		{F83B9317-345D-4815-AC12-E71C0684CFEA}.Debug|Any CPU.Build.0 = Debug|Any CPU
		{F83B9317-345D-4815-AC12-E71C0684CFEA}.Debug|x64.ActiveCfg = Debug|Any CPU
		{F83B9317-345D-4815-AC12-E71C0684CFEA}.Debug|x86.ActiveCfg = Debug|Any CPU
		{F83B9317-345D-4815-AC12-E71C0684CFEA}.Debug|x86.Build.0 = Debug|Any CPU
		{F83B9317-345D-4815-AC12-E71C0684CFEA}.Release|Any CPU.ActiveCfg = Release|Any CPU
		{F83B9317-345D-4815-AC12-E71C0684CFEA}.Release|Any CPU.Build.0 = Release|Any CPU
		{F83B9317-345D-4815-AC12-E71C0684CFEA}.Release|x64.ActiveCfg = Release|Any CPU
		{F83B9317-345D-4815-AC12-E71C0684CFEA}.Release|x86.ActiveCfg = Release|Any CPU
		{F83B9317-345D-4815-AC12-E71C0684CFEA}.Release|x86.Build.0 = Release|Any CPU
		{BDFB91F8-9C0B-4E60-AF5A-397B939501DB}.Debug|Any CPU.ActiveCfg = Debug|Any CPU
		{BDFB91F8-9C0B-4E60-AF5A-397B939501DB}.Debug|Any CPU.Build.0 = Debug|Any CPU
		{BDFB91F8-9C0B-4E60-AF5A-397B939501DB}.Debug|x64.ActiveCfg = Debug|Any CPU
		{BDFB91F8-9C0B-4E60-AF5A-397B939501DB}.Debug|x86.ActiveCfg = Debug|Any CPU
		{BDFB91F8-9C0B-4E60-AF5A-397B939501DB}.Debug|x86.Build.0 = Debug|Any CPU
		{BDFB91F8-9C0B-4E60-AF5A-397B939501DB}.Release|Any CPU.ActiveCfg = Release|Any CPU
		{BDFB91F8-9C0B-4E60-AF5A-397B939501DB}.Release|Any CPU.Build.0 = Release|Any CPU
		{BDFB91F8-9C0B-4E60-AF5A-397B939501DB}.Release|x64.ActiveCfg = Release|Any CPU
		{BDFB91F8-9C0B-4E60-AF5A-397B939501DB}.Release|x86.ActiveCfg = Release|Any CPU
		{BDFB91F8-9C0B-4E60-AF5A-397B939501DB}.Release|x86.Build.0 = Release|Any CPU
		{24E43EA7-A88B-405D-B343-E4919147F70C}.Debug|Any CPU.ActiveCfg = Debug|Any CPU
		{24E43EA7-A88B-405D-B343-E4919147F70C}.Debug|Any CPU.Build.0 = Debug|Any CPU
		{24E43EA7-A88B-405D-B343-E4919147F70C}.Debug|x64.ActiveCfg = Debug|Any CPU
		{24E43EA7-A88B-405D-B343-E4919147F70C}.Debug|x86.ActiveCfg = Debug|Any CPU
		{24E43EA7-A88B-405D-B343-E4919147F70C}.Debug|x86.Build.0 = Debug|Any CPU
		{24E43EA7-A88B-405D-B343-E4919147F70C}.Release|Any CPU.ActiveCfg = Release|Any CPU
		{24E43EA7-A88B-405D-B343-E4919147F70C}.Release|Any CPU.Build.0 = Release|Any CPU
		{24E43EA7-A88B-405D-B343-E4919147F70C}.Release|x64.ActiveCfg = Release|Any CPU
		{24E43EA7-A88B-405D-B343-E4919147F70C}.Release|x86.ActiveCfg = Release|Any CPU
		{24E43EA7-A88B-405D-B343-E4919147F70C}.Release|x86.Build.0 = Release|Any CPU
		{27EAB5AE-F310-4A41-8D2F-59F773654783}.Debug|Any CPU.ActiveCfg = Debug|Any CPU
		{27EAB5AE-F310-4A41-8D2F-59F773654783}.Debug|Any CPU.Build.0 = Debug|Any CPU
		{27EAB5AE-F310-4A41-8D2F-59F773654783}.Debug|x64.ActiveCfg = Debug|Any CPU
		{27EAB5AE-F310-4A41-8D2F-59F773654783}.Debug|x86.ActiveCfg = Debug|Any CPU
		{27EAB5AE-F310-4A41-8D2F-59F773654783}.Debug|x86.Build.0 = Debug|Any CPU
		{27EAB5AE-F310-4A41-8D2F-59F773654783}.Release|Any CPU.ActiveCfg = Release|Any CPU
		{27EAB5AE-F310-4A41-8D2F-59F773654783}.Release|Any CPU.Build.0 = Release|Any CPU
		{27EAB5AE-F310-4A41-8D2F-59F773654783}.Release|x64.ActiveCfg = Release|Any CPU
		{27EAB5AE-F310-4A41-8D2F-59F773654783}.Release|x86.ActiveCfg = Release|Any CPU
		{27EAB5AE-F310-4A41-8D2F-59F773654783}.Release|x86.Build.0 = Release|Any CPU
		{E18A26A0-ADA6-442C-B01D-12E2EB51AF34}.Debug|Any CPU.ActiveCfg = Debug|Any CPU
		{E18A26A0-ADA6-442C-B01D-12E2EB51AF34}.Debug|Any CPU.Build.0 = Debug|Any CPU
		{E18A26A0-ADA6-442C-B01D-12E2EB51AF34}.Debug|x64.ActiveCfg = Debug|Any CPU
		{E18A26A0-ADA6-442C-B01D-12E2EB51AF34}.Debug|x86.ActiveCfg = Debug|Any CPU
		{E18A26A0-ADA6-442C-B01D-12E2EB51AF34}.Debug|x86.Build.0 = Debug|Any CPU
		{E18A26A0-ADA6-442C-B01D-12E2EB51AF34}.Release|Any CPU.ActiveCfg = Release|Any CPU
		{E18A26A0-ADA6-442C-B01D-12E2EB51AF34}.Release|Any CPU.Build.0 = Release|Any CPU
		{E18A26A0-ADA6-442C-B01D-12E2EB51AF34}.Release|x64.ActiveCfg = Release|Any CPU
		{E18A26A0-ADA6-442C-B01D-12E2EB51AF34}.Release|x86.ActiveCfg = Release|Any CPU
		{E18A26A0-ADA6-442C-B01D-12E2EB51AF34}.Release|x86.Build.0 = Release|Any CPU
		{5CA3660E-F7C0-4382-8121-23F8F551C88E}.Debug|Any CPU.ActiveCfg = Debug|Any CPU
		{5CA3660E-F7C0-4382-8121-23F8F551C88E}.Debug|Any CPU.Build.0 = Debug|Any CPU
		{5CA3660E-F7C0-4382-8121-23F8F551C88E}.Debug|x64.ActiveCfg = Debug|Any CPU
		{5CA3660E-F7C0-4382-8121-23F8F551C88E}.Debug|x86.ActiveCfg = Debug|Any CPU
		{5CA3660E-F7C0-4382-8121-23F8F551C88E}.Debug|x86.Build.0 = Debug|Any CPU
		{5CA3660E-F7C0-4382-8121-23F8F551C88E}.Release|Any CPU.ActiveCfg = Release|Any CPU
		{5CA3660E-F7C0-4382-8121-23F8F551C88E}.Release|Any CPU.Build.0 = Release|Any CPU
		{5CA3660E-F7C0-4382-8121-23F8F551C88E}.Release|x64.ActiveCfg = Release|Any CPU
		{5CA3660E-F7C0-4382-8121-23F8F551C88E}.Release|x86.ActiveCfg = Release|Any CPU
		{5CA3660E-F7C0-4382-8121-23F8F551C88E}.Release|x86.Build.0 = Release|Any CPU
		{E62E8148-E29B-4933-A336-5D3740FEB8CB}.Debug|Any CPU.ActiveCfg = Debug|Any CPU
		{E62E8148-E29B-4933-A336-5D3740FEB8CB}.Debug|Any CPU.Build.0 = Debug|Any CPU
		{E62E8148-E29B-4933-A336-5D3740FEB8CB}.Debug|x64.ActiveCfg = Debug|Any CPU
		{E62E8148-E29B-4933-A336-5D3740FEB8CB}.Debug|x86.ActiveCfg = Debug|Any CPU
		{E62E8148-E29B-4933-A336-5D3740FEB8CB}.Debug|x86.Build.0 = Debug|Any CPU
		{E62E8148-E29B-4933-A336-5D3740FEB8CB}.Release|Any CPU.ActiveCfg = Release|Any CPU
		{E62E8148-E29B-4933-A336-5D3740FEB8CB}.Release|Any CPU.Build.0 = Release|Any CPU
		{E62E8148-E29B-4933-A336-5D3740FEB8CB}.Release|x64.ActiveCfg = Release|Any CPU
		{E62E8148-E29B-4933-A336-5D3740FEB8CB}.Release|x86.ActiveCfg = Release|Any CPU
		{E62E8148-E29B-4933-A336-5D3740FEB8CB}.Release|x86.Build.0 = Release|Any CPU
		{E9625FD9-A982-4C83-9835-25E99BBB724C}.Debug|Any CPU.ActiveCfg = Debug|Any CPU
		{E9625FD9-A982-4C83-9835-25E99BBB724C}.Debug|Any CPU.Build.0 = Debug|Any CPU
		{E9625FD9-A982-4C83-9835-25E99BBB724C}.Debug|x64.ActiveCfg = Debug|Any CPU
		{E9625FD9-A982-4C83-9835-25E99BBB724C}.Debug|x86.ActiveCfg = Debug|Any CPU
		{E9625FD9-A982-4C83-9835-25E99BBB724C}.Debug|x86.Build.0 = Debug|Any CPU
		{E9625FD9-A982-4C83-9835-25E99BBB724C}.Release|Any CPU.ActiveCfg = Release|Any CPU
		{E9625FD9-A982-4C83-9835-25E99BBB724C}.Release|Any CPU.Build.0 = Release|Any CPU
		{E9625FD9-A982-4C83-9835-25E99BBB724C}.Release|x64.ActiveCfg = Release|Any CPU
		{E9625FD9-A982-4C83-9835-25E99BBB724C}.Release|x86.ActiveCfg = Release|Any CPU
		{E9625FD9-A982-4C83-9835-25E99BBB724C}.Release|x86.Build.0 = Release|Any CPU
		{9EB05935-EAD1-4B3C-B758-0AF26338C474}.Debug|Any CPU.ActiveCfg = Debug|Any CPU
		{9EB05935-EAD1-4B3C-B758-0AF26338C474}.Debug|Any CPU.Build.0 = Debug|Any CPU
		{9EB05935-EAD1-4B3C-B758-0AF26338C474}.Debug|x64.ActiveCfg = Debug|Any CPU
		{9EB05935-EAD1-4B3C-B758-0AF26338C474}.Debug|x64.Build.0 = Debug|Any CPU
		{9EB05935-EAD1-4B3C-B758-0AF26338C474}.Debug|x86.ActiveCfg = Debug|Any CPU
		{9EB05935-EAD1-4B3C-B758-0AF26338C474}.Debug|x86.Build.0 = Debug|Any CPU
		{9EB05935-EAD1-4B3C-B758-0AF26338C474}.Release|Any CPU.ActiveCfg = Release|Any CPU
		{9EB05935-EAD1-4B3C-B758-0AF26338C474}.Release|Any CPU.Build.0 = Release|Any CPU
		{9EB05935-EAD1-4B3C-B758-0AF26338C474}.Release|x64.ActiveCfg = Release|Any CPU
		{9EB05935-EAD1-4B3C-B758-0AF26338C474}.Release|x64.Build.0 = Release|Any CPU
		{9EB05935-EAD1-4B3C-B758-0AF26338C474}.Release|x86.ActiveCfg = Release|Any CPU
		{9EB05935-EAD1-4B3C-B758-0AF26338C474}.Release|x86.Build.0 = Release|Any CPU
		{FB81EF87-C5C4-4D03-B229-2CC7DF3CF970}.Debug|Any CPU.ActiveCfg = Debug|Any CPU
		{FB81EF87-C5C4-4D03-B229-2CC7DF3CF970}.Debug|Any CPU.Build.0 = Debug|Any CPU
		{FB81EF87-C5C4-4D03-B229-2CC7DF3CF970}.Debug|x64.ActiveCfg = Debug|Any CPU
		{FB81EF87-C5C4-4D03-B229-2CC7DF3CF970}.Debug|x64.Build.0 = Debug|Any CPU
		{FB81EF87-C5C4-4D03-B229-2CC7DF3CF970}.Debug|x86.ActiveCfg = Debug|Any CPU
		{FB81EF87-C5C4-4D03-B229-2CC7DF3CF970}.Debug|x86.Build.0 = Debug|Any CPU
		{FB81EF87-C5C4-4D03-B229-2CC7DF3CF970}.Release|Any CPU.ActiveCfg = Release|Any CPU
		{FB81EF87-C5C4-4D03-B229-2CC7DF3CF970}.Release|Any CPU.Build.0 = Release|Any CPU
		{FB81EF87-C5C4-4D03-B229-2CC7DF3CF970}.Release|x64.ActiveCfg = Release|Any CPU
		{FB81EF87-C5C4-4D03-B229-2CC7DF3CF970}.Release|x64.Build.0 = Release|Any CPU
		{FB81EF87-C5C4-4D03-B229-2CC7DF3CF970}.Release|x86.ActiveCfg = Release|Any CPU
		{FB81EF87-C5C4-4D03-B229-2CC7DF3CF970}.Release|x86.Build.0 = Release|Any CPU
		{4622E1B8-F5FF-4B20-BA40-ECCEFA6E568D}.Debug|Any CPU.ActiveCfg = Debug|Any CPU
		{4622E1B8-F5FF-4B20-BA40-ECCEFA6E568D}.Debug|Any CPU.Build.0 = Debug|Any CPU
		{4622E1B8-F5FF-4B20-BA40-ECCEFA6E568D}.Debug|x64.ActiveCfg = Debug|Any CPU
		{4622E1B8-F5FF-4B20-BA40-ECCEFA6E568D}.Debug|x64.Build.0 = Debug|Any CPU
		{4622E1B8-F5FF-4B20-BA40-ECCEFA6E568D}.Debug|x86.ActiveCfg = Debug|Any CPU
		{4622E1B8-F5FF-4B20-BA40-ECCEFA6E568D}.Debug|x86.Build.0 = Debug|Any CPU
		{4622E1B8-F5FF-4B20-BA40-ECCEFA6E568D}.Release|Any CPU.ActiveCfg = Release|Any CPU
		{4622E1B8-F5FF-4B20-BA40-ECCEFA6E568D}.Release|Any CPU.Build.0 = Release|Any CPU
		{4622E1B8-F5FF-4B20-BA40-ECCEFA6E568D}.Release|x64.ActiveCfg = Release|Any CPU
		{4622E1B8-F5FF-4B20-BA40-ECCEFA6E568D}.Release|x64.Build.0 = Release|Any CPU
		{4622E1B8-F5FF-4B20-BA40-ECCEFA6E568D}.Release|x86.ActiveCfg = Release|Any CPU
		{4622E1B8-F5FF-4B20-BA40-ECCEFA6E568D}.Release|x86.Build.0 = Release|Any CPU
		{402D19B5-578C-4C05-A77C-FDCB4417C54D}.Debug|Any CPU.ActiveCfg = Debug|Any CPU
		{402D19B5-578C-4C05-A77C-FDCB4417C54D}.Debug|Any CPU.Build.0 = Debug|Any CPU
		{402D19B5-578C-4C05-A77C-FDCB4417C54D}.Debug|x64.ActiveCfg = Debug|Any CPU
		{402D19B5-578C-4C05-A77C-FDCB4417C54D}.Debug|x64.Build.0 = Debug|Any CPU
		{402D19B5-578C-4C05-A77C-FDCB4417C54D}.Debug|x86.ActiveCfg = Debug|Any CPU
		{402D19B5-578C-4C05-A77C-FDCB4417C54D}.Debug|x86.Build.0 = Debug|Any CPU
		{402D19B5-578C-4C05-A77C-FDCB4417C54D}.Release|Any CPU.ActiveCfg = Release|Any CPU
		{402D19B5-578C-4C05-A77C-FDCB4417C54D}.Release|Any CPU.Build.0 = Release|Any CPU
		{402D19B5-578C-4C05-A77C-FDCB4417C54D}.Release|x64.ActiveCfg = Release|Any CPU
		{402D19B5-578C-4C05-A77C-FDCB4417C54D}.Release|x64.Build.0 = Release|Any CPU
		{402D19B5-578C-4C05-A77C-FDCB4417C54D}.Release|x86.ActiveCfg = Release|Any CPU
		{402D19B5-578C-4C05-A77C-FDCB4417C54D}.Release|x86.Build.0 = Release|Any CPU
		{FDE80D70-B1C1-43ED-9037-3533479B7C81}.Debug|Any CPU.ActiveCfg = Debug|Any CPU
		{FDE80D70-B1C1-43ED-9037-3533479B7C81}.Debug|Any CPU.Build.0 = Debug|Any CPU
		{FDE80D70-B1C1-43ED-9037-3533479B7C81}.Debug|x64.ActiveCfg = Debug|Any CPU
		{FDE80D70-B1C1-43ED-9037-3533479B7C81}.Debug|x64.Build.0 = Debug|Any CPU
		{FDE80D70-B1C1-43ED-9037-3533479B7C81}.Debug|x86.ActiveCfg = Debug|Any CPU
		{FDE80D70-B1C1-43ED-9037-3533479B7C81}.Debug|x86.Build.0 = Debug|Any CPU
		{FDE80D70-B1C1-43ED-9037-3533479B7C81}.Release|Any CPU.ActiveCfg = Release|Any CPU
		{FDE80D70-B1C1-43ED-9037-3533479B7C81}.Release|Any CPU.Build.0 = Release|Any CPU
		{FDE80D70-B1C1-43ED-9037-3533479B7C81}.Release|x64.ActiveCfg = Release|Any CPU
		{FDE80D70-B1C1-43ED-9037-3533479B7C81}.Release|x64.Build.0 = Release|Any CPU
		{FDE80D70-B1C1-43ED-9037-3533479B7C81}.Release|x86.ActiveCfg = Release|Any CPU
		{FDE80D70-B1C1-43ED-9037-3533479B7C81}.Release|x86.Build.0 = Release|Any CPU
	EndGlobalSection
	GlobalSection(SolutionProperties) = preSolution
		HideSolutionNode = FALSE
	EndGlobalSection
	GlobalSection(NestedProjects) = preSolution
		{7F2A1DE8-B41E-4EC5-B4E2-248FF692E06A} = {5CAE2FF3-6428-4A1C-845B-BF1866939105}
		{5D326E8A-851B-4537-A477-838709FDB965} = {2D057C2A-06BD-48F2-A075-B6EC42D39007}
		{959DF948-6208-4EA2-BBB8-BA87E6FDCAB7} = {2D057C2A-06BD-48F2-A075-B6EC42D39007}
		{F83B9317-345D-4815-AC12-E71C0684CFEA} = {2D619A98-03A6-434F-B8CA-4473D4F8C52A}
		{24E43EA7-A88B-405D-B343-E4919147F70C} = {2D619A98-03A6-434F-B8CA-4473D4F8C52A}
		{27EAB5AE-F310-4A41-8D2F-59F773654783} = {2D619A98-03A6-434F-B8CA-4473D4F8C52A}
		{E18A26A0-ADA6-442C-B01D-12E2EB51AF34} = {2D057C2A-06BD-48F2-A075-B6EC42D39007}
		{5CA3660E-F7C0-4382-8121-23F8F551C88E} = {2D057C2A-06BD-48F2-A075-B6EC42D39007}
		{E62E8148-E29B-4933-A336-5D3740FEB8CB} = {2D619A98-03A6-434F-B8CA-4473D4F8C52A}
		{E9625FD9-A982-4C83-9835-25E99BBB724C} = {2D619A98-03A6-434F-B8CA-4473D4F8C52A}
		{9EB05935-EAD1-4B3C-B758-0AF26338C474} = {F43AE642-DC80-4BE0-93BD-8B718950C8BD}
		{FB81EF87-C5C4-4D03-B229-2CC7DF3CF970} = {F43AE642-DC80-4BE0-93BD-8B718950C8BD}
		{4622E1B8-F5FF-4B20-BA40-ECCEFA6E568D} = {2D619A98-03A6-434F-B8CA-4473D4F8C52A}
		{402D19B5-578C-4C05-A77C-FDCB4417C54D} = {2D619A98-03A6-434F-B8CA-4473D4F8C52A}
		{FDE80D70-B1C1-43ED-9037-3533479B7C81} = {5CAE2FF3-6428-4A1C-845B-BF1866939105}
	EndGlobalSection
EndGlobal
